Microsoft Visual Studio Solution File, Format Version 12.00
# Visual Studio Version 17
VisualStudioVersion = 17.5.2.0
MinimumVisualStudioVersion = 10.0.40219.1
Project("{FAE04EC0-301F-11D3-BF4B-00C04F79EFBC}") = "ESP_Client", "ESP_Client.csproj", "{DF6B02CB-03EA-DDAC-BC2B-735052DEB9EC}"
EndProject
Global
	GlobalSection(SolutionConfigurationPlatforms) = preSolution
		Debug|Any CPU = Debug|Any CPU
		Release|Any CPU = Release|Any CPU
	EndGlobalSection
	GlobalSection(ProjectConfigurationPlatforms) = postSolution
		{DF6B02CB-03EA-DDAC-BC2B-735052DEB9EC}.Debug|Any CPU.ActiveCfg = Debug|Any CPU
		{DF6B02CB-03EA-DDAC-BC2B-735052DEB9EC}.Debug|Any CPU.Build.0 = Debug|Any CPU
		{DF6B02CB-03EA-DDAC-BC2B-735052DEB9EC}.Release|Any CPU.ActiveCfg = Release|Any CPU
		{DF6B02CB-03EA-DDAC-BC2B-735052DEB9EC}.Release|Any CPU.Build.0 = Release|Any CPU
	EndGlobalSection
	GlobalSection(SolutionProperties) = preSolution
		HideSolutionNode = FALSE
	EndGlobalSection
	GlobalSection(ExtensibilityGlobals) = postSolution
		SolutionGuid = {1D1259B3-F325-4C4D-9C34-74BA08F6964F}
	EndGlobalSection
EndGlobal
